Microsoft Visual Studio Solution File, Format Version 10.00
# Visual Studio 2008
Project("{FAE04EC0-301F-11D3-BF4B-00C04F79EFBC}") = "Matrix.App", "Matrix.App\Matrix.App.csproj", "{B5D45BDB-37C1-4E36-B27C-427CA7944C8B}"
EndProject
Project("{FAE04EC0-301F-11D3-BF4B-00C04F79EFBC}") = "Matrix.Core", "Matrix.Core\Matrix.Core.csproj", "{BF18EE70-9F39-4D99-AD14-7098D35BED0A}"
EndProject
Project("{FAE04EC0-301F-11D3-BF4B-00C04F79EFBC}") = "Packages.ClassView", "Packages.ClassView\Packages.ClassView.csproj", "{486DDE87-177A-4268-957C-A09C1EDFE23A}"
EndProject
Project("{FAE04EC0-301F-11D3-BF4B-00C04F79EFBC}") = "Packages.Community", "Packages.Community\Packages.Community.csproj", "{6A8BC502-CBBD-484B-8A99-7B645B894DC0}"
EndProject
Project("{FAE04EC0-301F-11D3-BF4B-00C04F79EFBC}") = "Packages.DBAdmin", "Packages.DBAdmin\Packages.DBAdmin.csproj", "{54C5619D-85DD-4FE5-B770-4F47A80BEFDB}"
EndProject
Project("{FAE04EC0-301F-11D3-BF4B-00C04F79EFBC}") = "Packages.Web", "Packages.Web\Packages.Web.csproj", "{5F94714E-615C-4C9E-ACEF-12BD5656A24B}"
EndProject
Project("{FAE04EC0-301F-11D3-BF4B-00C04F79EFBC}") = "Matrix.Framework", "Matrix.Framework\Matrix.Framework.csproj", "{276B7F71-3D40-4FF1-B549-6064529B402A}"
EndProject
Project("{FAE04EC0-301F-11D3-BF4B-00C04F79EFBC}") = "WebServer.WebHost", "WebServer.WebHost\WebServer.WebHost.csproj", "{3FF2FB73-3DFB-4BF4-A74E-2F447D4BEE92}"
EndProject
Project("{FAE04EC0-301F-11D3-BF4B-00C04F79EFBC}") = "WebServer", "WebServer\WebServer.csproj", "{E69E3850-33C5-4CE1-A567-D6DB26C4C80A}"
EndProject
Project("{2150E333-8FDC-42A3-9474-1A3956D46DE8}") = "common", "common", "{A8009355-0A53-4F33-97B7-374732190FED}"
	ProjectSection(SolutionItems) = preProject
		WebMatrix.snk = WebMatrix.snk
	EndProjectSection
EndProject
Project("{FAE04EC0-301F-11D3-BF4B-00C04F79EFBC}") = "Plugins.CodeWizards", "Plugins.CodeWizards\Plugins.CodeWizards.csproj", "{3E39FAC6-908A-4B4E-8524-16BBE26B7538}"
EndProject
Global
	GlobalSection(SubversionScc) = preSolution
		Svn-Managed = True
		Manager = AnkhSVN - Subversion Support for Visual Studio
	EndGlobalSection
	GlobalSection(SolutionConfigurationPlatforms) = preSolution
		Debug|Any CPU = Debug|Any CPU
		Debug|x64 = Debug|x64
		Debug|x86 = Debug|x86
		Release|Any CPU = Release|Any CPU
		Release|x64 = Release|x64
		Release|x86 = Release|x86
	EndGlobalSection
	GlobalSection(ProjectConfigurationPlatforms) = postSolution
		{B5D45BDB-37C1-4E36-B27C-427CA7944C8B}.Debug|Any CPU.ActiveCfg = Debug|Any CPU
		{B5D45BDB-37C1-4E36-B27C-427CA7944C8B}.Debug|Any CPU.Build.0 = Debug|Any CPU
		{B5D45BDB-37C1-4E36-B27C-427CA7944C8B}.Debug|x64.ActiveCfg = Debug|x64
		{B5D45BDB-37C1-4E36-B27C-427CA7944C8B}.Debug|x64.Build.0 = Debug|x64
		{B5D45BDB-37C1-4E36-B27C-427CA7944C8B}.Debug|x86.ActiveCfg = Debug|x86
		{B5D45BDB-37C1-4E36-B27C-427CA7944C8B}.Debug|x86.Build.0 = Debug|x86
		{B5D45BDB-37C1-4E36-B27C-427CA7944C8B}.Release|Any CPU.ActiveCfg = Release|Any CPU
		{B5D45BDB-37C1-4E36-B27C-427CA7944C8B}.Release|Any CPU.Build.0 = Release|Any CPU
		{B5D45BDB-37C1-4E36-B27C-427CA7944C8B}.Release|x64.ActiveCfg = Release|x64
		{B5D45BDB-37C1-4E36-B27C-427CA7944C8B}.Release|x64.Build.0 = Release|x64
		{B5D45BDB-37C1-4E36-B27C-427CA7944C8B}.Release|x86.ActiveCfg = Release|x86
		{B5D45BDB-37C1-4E36-B27C-427CA7944C8B}.Release|x86.Build.0 = Release|x86
		{BF18EE70-9F39-4D99-AD14-7098D35BED0A}.Debug|Any CPU.ActiveCfg = Debug|Any CPU
		{BF18EE70-9F39-4D99-AD14-7098D35BED0A}.Debug|Any CPU.Build.0 = Debug|Any CPU
		{BF18EE70-9F39-4D99-AD14-7098D35BED0A}.Debug|x64.ActiveCfg = Debug|x64
		{BF18EE70-9F39-4D99-AD14-7098D35BED0A}.Debug|x64.Build.0 = Debug|x64
		{BF18EE70-9F39-4D99-AD14-7098D35BED0A}.Debug|x86.ActiveCfg = Debug|x86
		{BF18EE70-9F39-4D99-AD14-7098D35BED0A}.Debug|x86.Build.0 = Debug|x86
		{BF18EE70-9F39-4D99-AD14-7098D35BED0A}.Release|Any CPU.ActiveCfg = Release|Any CPU
		{BF18EE70-9F39-4D99-AD14-7098D35BED0A}.Release|Any CPU.Build.0 = Release|Any CPU
		{BF18EE70-9F39-4D99-AD14-7098D35BED0A}.Release|x64.ActiveCfg = Release|x64
		{BF18EE70-9F39-4D99-AD14-7098D35BED0A}.Release|x64.Build.0 = Release|x64
		{BF18EE70-9F39-4D99-AD14-7098D35BED0A}.Release|x86.ActiveCfg = Release|x86
		{BF18EE70-9F39-4D99-AD14-7098D35BED0A}.Release|x86.Build.0 = Release|x86
		{486DDE87-177A-4268-957C-A09C1EDFE23A}.Debug|Any CPU.ActiveCfg = Debug|Any CPU
		{486DDE87-177A-4268-957C-A09C1EDFE23A}.Debug|Any CPU.Build.0 = Debug|Any CPU
		{486DDE87-177A-4268-957C-A09C1EDFE23A}.Debug|x64.ActiveCfg = Debug|x64
		{486DDE87-177A-4268-957C-A09C1EDFE23A}.Debug|x64.Build.0 = Debug|x64
		{486DDE87-177A-4268-957C-A09C1EDFE23A}.Debug|x86.ActiveCfg = Debug|x86
		{486DDE87-177A-4268-957C-A09C1EDFE23A}.Debug|x86.Build.0 = Debug|x86
		{486DDE87-177A-4268-957C-A09C1EDFE23A}.Release|Any CPU.ActiveCfg = Release|Any CPU
		{486DDE87-177A-4268-957C-A09C1EDFE23A}.Release|Any CPU.Build.0 = Release|Any CPU
		{486DDE87-177A-4268-957C-A09C1EDFE23A}.Release|x64.ActiveCfg = Release|x64
		{486DDE87-177A-4268-957C-A09C1EDFE23A}.Release|x64.Build.0 = Release|x64
		{486DDE87-177A-4268-957C-A09C1EDFE23A}.Release|x86.ActiveCfg = Release|x86
		{486DDE87-177A-4268-957C-A09C1EDFE23A}.Release|x86.Build.0 = Release|x86
		{6A8BC502-CBBD-484B-8A99-7B645B894DC0}.Debug|Any CPU.ActiveCfg = Debug|Any CPU
		{6A8BC502-CBBD-484B-8A99-7B645B894DC0}.Debug|Any CPU.Build.0 = Debug|Any CPU
		{6A8BC502-CBBD-484B-8A99-7B645B894DC0}.Debug|x64.ActiveCfg = Debug|x64
		{6A8BC502-CBBD-484B-8A99-7B645B894DC0}.Debug|x64.Build.0 = Debug|x64
		{6A8BC502-CBBD-484B-8A99-7B645B894DC0}.Debug|x86.ActiveCfg = Debug|x86
		{6A8BC502-CBBD-484B-8A99-7B645B894DC0}.Debug|x86.Build.0 = Debug|x86
		{6A8BC502-CBBD-484B-8A99-7B645B894DC0}.Release|Any CPU.ActiveCfg = Release|Any CPU
		{6A8BC502-CBBD-484B-8A99-7B645B894DC0}.Release|Any CPU.Build.0 = Release|Any CPU
		{6A8BC502-CBBD-484B-8A99-7B645B894DC0}.Release|x64.ActiveCfg = Release|x64
		{6A8BC502-CBBD-484B-8A99-7B645B894DC0}.Release|x64.Build.0 = Release|x64
		{6A8BC502-CBBD-484B-8A99-7B645B894DC0}.Release|x86.ActiveCfg = Release|x86
		{6A8BC502-CBBD-484B-8A99-7B645B894DC0}.Release|x86.Build.0 = Release|x86
		{54C5619D-85DD-4FE5-B770-4F47A80BEFDB}.Debug|Any CPU.ActiveCfg = Debug|Any CPU
		{54C5619D-85DD-4FE5-B770-4F47A80BEFDB}.Debug|Any CPU.Build.0 = Debug|Any CPU
		{54C5619D-85DD-4FE5-B770-4F47A80BEFDB}.Debug|x64.ActiveCfg = Debug|x64
		{54C5619D-85DD-4FE5-B770-4F47A80BEFDB}.Debug|x64.Build.0 = Debug|x64
		{54C5619D-85DD-4FE5-B770-4F47A80BEFDB}.Debug|x86.ActiveCfg = Debug|x86
		{54C5619D-85DD-4FE5-B770-4F47A80BEFDB}.Debug|x86.Build.0 = Debug|x86
		{54C5619D-85DD-4FE5-B770-4F47A80BEFDB}.Release|Any CPU.ActiveCfg = Release|Any CPU
		{54C5619D-85DD-4FE5-B770-4F47A80BEFDB}.Release|Any CPU.Build.0 = Release|Any CPU
		{54C5619D-85DD-4FE5-B770-4F47A80BEFDB}.Release|x64.ActiveCfg = Release|x64
		{54C5619D-85DD-4FE5-B770-4F47A80BEFDB}.Release|x64.Build.0 = Release|x64
		{54C5619D-85DD-4FE5-B770-4F47A80BEFDB}.Release|x86.ActiveCfg = Release|x86
		{54C5619D-85DD-4FE5-B770-4F47A80BEFDB}.Release|x86.Build.0 = Release|x86
		{5F94714E-615C-4C9E-ACEF-12BD5656A24B}.Debug|Any CPU.ActiveCfg = Debug|Any CPU
		{5F94714E-615C-4C9E-ACEF-12BD5656A24B}.Debug|Any CPU.Build.0 = Debug|Any CPU
		{5F94714E-615C-4C9E-ACEF-12BD5656A24B}.Debug|x64.ActiveCfg = Debug|x64
		{5F94714E-615C-4C9E-ACEF-12BD5656A24B}.Debug|x64.Build.0 = Debug|x64
		{5F94714E-615C-4C9E-ACEF-12BD5656A24B}.Debug|x86.ActiveCfg = Debug|x86
		{5F94714E-615C-4C9E-ACEF-12BD5656A24B}.Debug|x86.Build.0 = Debug|x86
		{5F94714E-615C-4C9E-ACEF-12BD5656A24B}.Release|Any CPU.ActiveCfg = Release|Any CPU
		{5F94714E-615C-4C9E-ACEF-12BD5656A24B}.Release|Any CPU.Build.0 = Release|Any CPU
		{5F94714E-615C-4C9E-ACEF-12BD5656A24B}.Release|x64.ActiveCfg = Release|x64
		{5F94714E-615C-4C9E-ACEF-12BD5656A24B}.Release|x64.Build.0 = Release|x64
		{5F94714E-615C-4C9E-ACEF-12BD5656A24B}.Release|x86.ActiveCfg = Release|x86
		{5F94714E-615C-4C9E-ACEF-12BD5656A24B}.Release|x86.Build.0 = Release|x86
		{276B7F71-3D40-4FF1-B549-6064529B402A}.Debug|Any CPU.ActiveCfg = Debug|Any CPU
		{276B7F71-3D40-4FF1-B549-6064529B402A}.Debug|Any CPU.Build.0 = Debug|Any CPU
		{276B7F71-3D40-4FF1-B549-6064529B402A}.Debug|x64.ActiveCfg = Debug|x64
		{276B7F71-3D40-4FF1-B549-6064529B402A}.Debug|x64.Build.0 = Debug|x64
		{276B7F71-3D40-4FF1-B549-6064529B402A}.Debug|x86.ActiveCfg = Debug|x86
		{276B7F71-3D40-4FF1-B549-6064529B402A}.Debug|x86.Build.0 = Debug|x86
		{276B7F71-3D40-4FF1-B549-6064529B402A}.Release|Any CPU.ActiveCfg = Release|Any CPU
		{276B7F71-3D40-4FF1-B549-6064529B402A}.Release|Any CPU.Build.0 = Release|Any CPU
		{276B7F71-3D40-4FF1-B549-6064529B402A}.Release|x64.ActiveCfg = Release|x64
		{276B7F71-3D40-4FF1-B549-6064529B402A}.Release|x64.Build.0 = Release|x64
		{276B7F71-3D40-4FF1-B549-6064529B402A}.Release|x86.ActiveCfg = Release|x86
		{276B7F71-3D40-4FF1-B549-6064529B402A}.Release|x86.Build.0 = Release|x86
		{3FF2FB73-3DFB-4BF4-A74E-2F447D4BEE92}.Debug|Any CPU.ActiveCfg = Debug|Any CPU
		{3FF2FB73-3DFB-4BF4-A74E-2F447D4BEE92}.Debug|Any CPU.Build.0 = Debug|Any CPU
		{3FF2FB73-3DFB-4BF4-A74E-2F447D4BEE92}.Debug|x64.ActiveCfg = Debug|x64
		{3FF2FB73-3DFB-4BF4-A74E-2F447D4BEE92}.Debug|x64.Build.0 = Debug|x64
		{3FF2FB73-3DFB-4BF4-A74E-2F447D4BEE92}.Debug|x86.ActiveCfg = Debug|x86
		{3FF2FB73-3DFB-4BF4-A74E-2F447D4BEE92}.Debug|x86.Build.0 = Debug|x86
		{3FF2FB73-3DFB-4BF4-A74E-2F447D4BEE92}.Release|Any CPU.ActiveCfg = Release|Any CPU
		{3FF2FB73-3DFB-4BF4-A74E-2F447D4BEE92}.Release|Any CPU.Build.0 = Release|Any CPU
		{3FF2FB73-3DFB-4BF4-A74E-2F447D4BEE92}.Release|x64.ActiveCfg = Release|x64
		{3FF2FB73-3DFB-4BF4-A74E-2F447D4BEE92}.Release|x64.Build.0 = Release|x64
		{3FF2FB73-3DFB-4BF4-A74E-2F447D4BEE92}.Release|x86.ActiveCfg = Release|x86
		{3FF2FB73-3DFB-4BF4-A74E-2F447D4BEE92}.Release|x86.Build.0 = Release|x86
		{E69E3850-33C5-4CE1-A567-D6DB26C4C80A}.Debug|Any CPU.ActiveCfg = Debug|Any CPU
		{E69E3850-33C5-4CE1-A567-D6DB26C4C80A}.Debug|Any CPU.Build.0 = Debug|Any CPU
		{E69E3850-33C5-4CE1-A567-D6DB26C4C80A}.Debug|x64.ActiveCfg = Debug|x64
		{E69E3850-33C5-4CE1-A567-D6DB26C4C80A}.Debug|x64.Build.0 = Debug|x64
		{E69E3850-33C5-4CE1-A567-D6DB26C4C80A}.Debug|x86.ActiveCfg = Debug|x86
		{E69E3850-33C5-4CE1-A567-D6DB26C4C80A}.Debug|x86.Build.0 = Debug|x86
		{E69E3850-33C5-4CE1-A567-D6DB26C4C80A}.Release|Any CPU.ActiveCfg = Release|Any CPU
		{E69E3850-33C5-4CE1-A567-D6DB26C4C80A}.Release|Any CPU.Build.0 = Release|Any CPU
		{E69E3850-33C5-4CE1-A567-D6DB26C4C80A}.Release|x64.ActiveCfg = Release|x64
		{E69E3850-33C5-4CE1-A567-D6DB26C4C80A}.Release|x64.Build.0 = Release|x64
		{E69E3850-33C5-4CE1-A567-D6DB26C4C80A}.Release|x86.ActiveCfg = Release|x86
		{E69E3850-33C5-4CE1-A567-D6DB26C4C80A}.Release|x86.Build.0 = Release|x86
		{3E39FAC6-908A-4B4E-8524-16BBE26B7538}.Debug|Any CPU.ActiveCfg = Debug|Any CPU
		{3E39FAC6-908A-4B4E-8524-16BBE26B7538}.Debug|Any CPU.Build.0 = Debug|Any CPU
		{3E39FAC6-908A-4B4E-8524-16BBE26B7538}.Debug|x64.ActiveCfg = Debug|x64
		{3E39FAC6-908A-4B4E-8524-16BBE26B7538}.Debug|x64.Build.0 = Debug|x64
		{3E39FAC6-908A-4B4E-8524-16BBE26B7538}.Debug|x86.ActiveCfg = Debug|x86
		{3E39FAC6-908A-4B4E-8524-16BBE26B7538}.Debug|x86.Build.0 = Debug|x86
		{3E39FAC6-908A-4B4E-8524-16BBE26B7538}.Release|Any CPU.ActiveCfg = Release|Any CPU
		{3E39FAC6-908A-4B4E-8524-16BBE26B7538}.Release|Any CPU.Build.0 = Release|Any CPU
		{3E39FAC6-908A-4B4E-8524-16BBE26B7538}.Release|x64.ActiveCfg = Release|x64
		{3E39FAC6-908A-4B4E-8524-16BBE26B7538}.Release|x64.Build.0 = Release|x64
		{3E39FAC6-908A-4B4E-8524-16BBE26B7538}.Release|x86.ActiveCfg = Release|x86
		{3E39FAC6-908A-4B4E-8524-16BBE26B7538}.Release|x86.Build.0 = Release|x86
	EndGlobalSection
	GlobalSection(SolutionProperties) = preSolution
		HideSolutionNode = FALSE
	EndGlobalSection
EndGlobal
