Microsoft Visual Studio Solution File, Format Version 10.00
# Visual Studio 2008
Project("{FAE04EC0-301F-11D3-BF4B-00C04F79EFBC}") = "Matrix.App", "Matrix.App\Matrix.App.csproj", "{B5D45BDB-37C1-4E36-B27C-427CA7944C8B}"
EndProject
Project("{FAE04EC0-301F-11D3-BF4B-00C04F79EFBC}") = "Matrix.Core", "Matrix.Core\Matrix.Core.csproj", "{BF18EE70-9F39-4D99-AD14-7098D35BED0A}"
EndProject
Project("{2150E333-8FDC-42A3-9474-1A3956D46DE8}") = "common", "common", "{A8009355-0A53-4F33-97B7-374732190FED}"
	ProjectSection(SolutionItems) = preProject
		AppMatrix.snk = AppMatrix.snk
	EndProjectSection
EndProject
Project("{FAE04EC0-301F-11D3-BF4B-00C04F79EFBC}") = "Packages.ClassView", "Packages.ClassView\Packages.ClassView.csproj", "{486DDE87-177A-4268-957C-A09C1EDFE23A}"
EndProject
Global
	GlobalSection(SubversionScc) = preSolution
		Svn-Managed = True
		Manager = AnkhSVN - Subversion Support for Visual Studio
	EndGlobalSection
	GlobalSection(SolutionConfigurationPlatforms) = preSolution
		Debug|Any CPU = Debug|Any CPU
		Debug|x64 = Debug|x64
		Debug|x86 = Debug|x86
		Release|Any CPU = Release|Any CPU
		Release|x64 = Release|x64
		Release|x86 = Release|x86
	EndGlobalSection
	GlobalSection(ProjectConfigurationPlatforms) = postSolution
		{B5D45BDB-37C1-4E36-B27C-427CA7944C8B}.Debug|Any CPU.ActiveCfg = Debug|Any CPU
		{B5D45BDB-37C1-4E36-B27C-427CA7944C8B}.Debug|Any CPU.Build.0 = Debug|Any CPU
		{B5D45BDB-37C1-4E36-B27C-427CA7944C8B}.Debug|x64.ActiveCfg = Debug|x64
		{B5D45BDB-37C1-4E36-B27C-427CA7944C8B}.Debug|x64.Build.0 = Debug|x64
		{B5D45BDB-37C1-4E36-B27C-427CA7944C8B}.Debug|x86.ActiveCfg = Debug|x86
		{B5D45BDB-37C1-4E36-B27C-427CA7944C8B}.Debug|x86.Build.0 = Debug|x86
		{B5D45BDB-37C1-4E36-B27C-427CA7944C8B}.Release|Any CPU.ActiveCfg = Release|Any CPU
		{B5D45BDB-37C1-4E36-B27C-427CA7944C8B}.Release|Any CPU.Build.0 = Release|Any CPU
		{B5D45BDB-37C1-4E36-B27C-427CA7944C8B}.Release|x64.ActiveCfg = Release|x64
		{B5D45BDB-37C1-4E36-B27C-427CA7944C8B}.Release|x64.Build.0 = Release|x64
		{B5D45BDB-37C1-4E36-B27C-427CA7944C8B}.Release|x86.ActiveCfg = Release|x86
		{B5D45BDB-37C1-4E36-B27C-427CA7944C8B}.Release|x86.Build.0 = Release|x86
		{BF18EE70-9F39-4D99-AD14-7098D35BED0A}.Debug|Any CPU.ActiveCfg = Debug|Any CPU
		{BF18EE70-9F39-4D99-AD14-7098D35BED0A}.Debug|Any CPU.Build.0 = Debug|Any CPU
		{BF18EE70-9F39-4D99-AD14-7098D35BED0A}.Debug|x64.ActiveCfg = Debug|x64
		{BF18EE70-9F39-4D99-AD14-7098D35BED0A}.Debug|x64.Build.0 = Debug|x64
		{BF18EE70-9F39-4D99-AD14-7098D35BED0A}.Debug|x86.ActiveCfg = Debug|x86
		{BF18EE70-9F39-4D99-AD14-7098D35BED0A}.Debug|x86.Build.0 = Debug|x86
		{BF18EE70-9F39-4D99-AD14-7098D35BED0A}.Release|Any CPU.ActiveCfg = Release|Any CPU
		{BF18EE70-9F39-4D99-AD14-7098D35BED0A}.Release|Any CPU.Build.0 = Release|Any CPU
		{BF18EE70-9F39-4D99-AD14-7098D35BED0A}.Release|x64.ActiveCfg = Release|x64
		{BF18EE70-9F39-4D99-AD14-7098D35BED0A}.Release|x64.Build.0 = Release|x64
		{BF18EE70-9F39-4D99-AD14-7098D35BED0A}.Release|x86.ActiveCfg = Release|x86
		{BF18EE70-9F39-4D99-AD14-7098D35BED0A}.Release|x86.Build.0 = Release|x86
		{486DDE87-177A-4268-957C-A09C1EDFE23A}.Debug|Any CPU.ActiveCfg = Debug|Any CPU
		{486DDE87-177A-4268-957C-A09C1EDFE23A}.Debug|Any CPU.Build.0 = Debug|Any CPU
		{486DDE87-177A-4268-957C-A09C1EDFE23A}.Debug|x64.ActiveCfg = Debug|x64
		{486DDE87-177A-4268-957C-A09C1EDFE23A}.Debug|x64.Build.0 = Debug|x64
		{486DDE87-177A-4268-957C-A09C1EDFE23A}.Debug|x86.ActiveCfg = Debug|x86
		{486DDE87-177A-4268-957C-A09C1EDFE23A}.Debug|x86.Build.0 = Debug|x86
		{486DDE87-177A-4268-957C-A09C1EDFE23A}.Release|Any CPU.ActiveCfg = Release|Any CPU
		{486DDE87-177A-4268-957C-A09C1EDFE23A}.Release|Any CPU.Build.0 = Release|Any CPU
		{486DDE87-177A-4268-957C-A09C1EDFE23A}.Release|x64.ActiveCfg = Release|x64
		{486DDE87-177A-4268-957C-A09C1EDFE23A}.Release|x64.Build.0 = Release|x64
		{486DDE87-177A-4268-957C-A09C1EDFE23A}.Release|x86.ActiveCfg = Release|x86
		{486DDE87-177A-4268-957C-A09C1EDFE23A}.Release|x86.Build.0 = Release|x86
	EndGlobalSection
	GlobalSection(SolutionProperties) = preSolution
		HideSolutionNode = FALSE
	EndGlobalSection
EndGlobal
